%{
  "axon": {:git, "https://github.com/elixir-nx/axon.git", "be4a625ad4ba7f7e175d14f311656e374f16f6d4", []},
  "complex": {:hex, :complex, "0.4.0", "c4e0402efb587011cdbd73b3f188ec5a3dbd4d516530bedfb041b6d58ea0baea", [:mix], [], "hexpm", "ba7b7547a647dfc907cf0c50c906d16dd1ae879f7ec0d61786962c9cb41f793a"},
  "elixir_make": {:hex, :elixir_make, "0.6.3", "bc07d53221216838d79e03a8019d0839786703129599e9619f4ab74c8c096eac", [:mix], [], "hexpm", "f5cbd651c5678bcaabdbb7857658ee106b12509cd976c2c2fca99688e1daf716"},
  "exla": {:hex, :exla, "0.2.0", "04fb0cf4e13e9abd5e1cb6e8fa8632f907c1aede3b63c12d7ee98462e5613219", [:make, :mix], [{:elixir_make, "~> 0.6", [hex: :elixir_make, repo: "hexpm", optional: false]}, {:nx, "~> 0.2.0", [hex: :nx, repo: "hexpm", optional: false]}, {:xla, "~> 0.3.0", [hex: :xla, repo: "hexpm", optional: false]}], "hexpm", "7db72e8ecdd7a9cd8b4d830f0b8b5ab4a66bcac7bb2e25d1ee9d25fdc25af226"},
  "jason": {:hex, :jason, "1.3.0", "fa6b82a934feb176263ad2df0dbd91bf633d4a46ebfdffea0c8ae82953714946", [:mix], [{:decimal, "~> 1.0 or ~> 2.0", [hex: :decimal, repo: "hexpm", optional: true]}], "hexpm", "53fc1f51255390e0ec7e50f9cb41e751c260d065dcba2bf0d08dc51a4002c2ac"},
  "nimble_csv": {:hex, :nimble_csv, "1.2.0", "4e26385d260c61eba9d4412c71cea34421f296d5353f914afe3f2e71cce97722", [:mix], [], "hexpm", "d0628117fcc2148178b034044c55359b26966c6eaa8e2ce15777be3bbc91b12a"},
  "nx": {:hex, :nx, "0.2.0", "ae550cd72bca2e56f90fc63d59f2f11ac17ed3c4a9cd0968397f4ef9b795b3d6", [:mix], [{:complex, "~> 0.4.0", [hex: :complex, repo: "hexpm", optional: false]}], "hexpm", "31d4936d2cf78a0b147830f0e6fca45bd3ed4b1e592e2bcd61a85f81e892617c"},
  "scidata": {:hex, :scidata, "0.1.5", "e16c4c78da557631520c96ebbca0a292956f838ba44d73597ffa28362be2a79c", [:mix], [{:jason, "~> 1.0", [hex: :jason, repo: "hexpm", optional: false]}, {:nimble_csv, "~> 1.1", [hex: :nimble_csv, repo: "hexpm", optional: false]}, {:stb_image, "~> 0.1.2", [hex: :stb_image, repo: "hexpm", optional: true]}], "hexpm", "cd94a7f2f5e6e495a5438aba93ed15a84e4f227c384f14157581e9dfde8a0e35"},
  "stb_image": {:hex, :stb_image, "0.1.2", "f6b02bb1add782b6bf7a5278d7d2a15c96ab3c92f639555be5ce99643b2a3536", [:make, :mix], [{:elixir_make, "~> 0.6", [hex: :elixir_make, repo: "hexpm", optional: false]}], "hexpm", "55773080dd738a8f7c53a3a6275f7ac3702223750f092c1ef15cf7fce2498aea"},
  "table_rex": {:hex, :table_rex, "3.1.1", "0c67164d1714b5e806d5067c1e96ff098ba7ae79413cc075973e17c38a587caa", [:mix], [], "hexpm", "678a23aba4d670419c23c17790f9dcd635a4a89022040df7d5d772cb21012490"},
  "xla": {:hex, :xla, "0.3.0", "7f40d3d799447bd745e6e61985c922821e355eca37c25754bac299d11f137f2e", [:make, :mix], [{:elixir_make, "~> 0.4", [hex: :elixir_make, repo: "hexpm", optional: false]}], "hexpm", "0de304f5624ea2f2ae1afdcbd72d33855364be36fed2cc5de8d6d2ec8950926e"},
}
